dependencies:
- name: cluster-controller
  repository: file://../cluster-controller
  version: 1.0.0
- name: templates-controller
  repository: file://../templates-controller
  version: 0.3.0
- name: policy-agent
  repository: https://weaveworks.github.io/policy-agent
  version: 2.5.0
- name: pipeline-controller
  repository: oci://ghcr.io/bdwyertech/weave-gitops-enterprise
  version: 0.22.0
- name: gitopssets-controller
  repository: file://../gitopssets-controller
  version: 0.1.0
- name: cluster-reflector-controller
  repository: oci://ghcr.io/bdwyertech/weave-gitops-enterprise
  version: v0.31.2-bdwyertech
- name: cluster-bootstrap-controller
  repository: oci://ghcr.io/bdwyertech/weave-gitops-enterprise
  version: 0.1.0
digest: sha256:f57ec773307dc4233a9e95936afd6de1e2a3fbc4eec6b13edf82e34d069b63d9
generated: "2024-03-04T11:52:31.49972-05:00"
